
Microsoft Visual Studio Solution File, Format Version 12.00
Project("{FAE04EC0-301F-11D3-BF4B-00C04F79EFBC}") = "Starter.Api", "Starter.Api\Starter.Api.csproj", "{A81484CB-5FE0-4F6C-8724-990FF2E05622}"
EndProject
Project("{FAE04EC0-301F-11D3-BF4B-00C04F79EFBC}") = "Starter.Core", "Starter.Core\Starter.Core.csproj", "{AC8EC66E-C093-46FC-8A16-F841097702A7}"
EndProject
Global
	GlobalSection(SolutionConfigurationPlatforms) = preSolution
		Debug|Any CPU = Debug|Any CPU
		Release|Any CPU = Release|Any CPU
	EndGlobalSection
	GlobalSection(ProjectConfigurationPlatforms) = postSolution
		{A81484CB-5FE0-4F6C-8724-990FF2E05622}.Debug|Any CPU.ActiveCfg = Debug|Any CPU
		{A81484CB-5FE0-4F6C-8724-990FF2E05622}.Debug|Any CPU.Build.0 = Debug|Any CPU
		{A81484CB-5FE0-4F6C-8724-990FF2E05622}.Release|Any CPU.ActiveCfg = Release|Any CPU
		{A81484CB-5FE0-4F6C-8724-990FF2E05622}.Release|Any CPU.Build.0 = Release|Any CPU
		{AC8EC66E-C093-46FC-8A16-F841097702A7}.Debug|Any CPU.ActiveCfg = Debug|Any CPU
		{AC8EC66E-C093-46FC-8A16-F841097702A7}.Debug|Any CPU.Build.0 = Debug|Any CPU
		{AC8EC66E-C093-46FC-8A16-F841097702A7}.Release|Any CPU.ActiveCfg = Release|Any CPU
		{AC8EC66E-C093-46FC-8A16-F841097702A7}.Release|Any CPU.Build.0 = Release|Any CPU
	EndGlobalSection
EndGlobal
